// !$*UTF8*$!
{
	archiveVersion = 1;
	classes = {
	};
	objectVersion = 56;
	objects = {

/* Begin PBXBuildFile section */
		078D9BF12A90EE0F00E59706 /* ThreadsTutorialApp.swift in Sources */ = {isa = PBXBuildFile; fileRef = 078D9BF02A90EE0F00E59706 /* ThreadsTutorialApp.swift */; };
		078D9BF32A90EE0F00E59706 /* ContentView.swift in Sources */ = {isa = PBXBuildFile; fileRef = 078D9BF22A90EE0F00E59706 /* ContentView.swift */; };
		078D9BF52A90EE1000E59706 /* Assets.xcassets in Resources */ = {isa = PBXBuildFile; fileRef = 078D9BF42A90EE1000E59706 /* Assets.xcassets */; };
		078D9BF82A90EE1000E59706 /* Preview Assets.xcassets in Resources */ = {isa = PBXBuildFile; fileRef = 078D9BF72A90EE1000E59706 /* Preview Assets.xcassets */; };
		078D9C082A90EE9700E59706 /* LoginView.swift in Sources */ = {isa = PBXBuildFile; fileRef = 078D9C072A90EE9700E59706 /* LoginView.swift */; };
		078D9C0A2A910CD500E59706 /* RegistrationView.swift in Sources */ = {isa = PBXBuildFile; fileRef = 078D9C092A910CD500E59706 /* RegistrationView.swift */; };
		078D9C0D2A910FC800E59706 /* ThreadsTextFieldModifier.swift in Sources */ = {isa = PBXBuildFile; fileRef = 078D9C0C2A910FC800E59706 /* ThreadsTextFieldModifier.swift */; };
		078D9C0F2A91102900E59706 /* ThreadsButtonModifier.swift in Sources */ = {isa = PBXBuildFile; fileRef = 078D9C0E2A91102900E59706 /* ThreadsButtonModifier.swift */; };
		078D9C122A91129E00E59706 /* ThreadsTabView.swift in Sources */ = {isa = PBXBuildFile; fileRef = 078D9C112A91129E00E59706 /* ThreadsTabView.swift */; };
		078D9C172A911FE300E59706 /* FeedView.swift in Sources */ = {isa = PBXBuildFile; fileRef = 078D9C162A911FE300E59706 /* FeedView.swift */; };
		078D9C1B2A91203C00E59706 /* ExploreView.swift in Sources */ = {isa = PBXBuildFile; fileRef = 078D9C1A2A91203C00E59706 /* ExploreView.swift */; };
		078D9C1F2A91208700E59706 /* CreateThreadView.swift in Sources */ = {isa = PBXBuildFile; fileRef = 078D9C1E2A91208700E59706 /* CreateThreadView.swift */; };
		078D9C232A9120C100E59706 /* ActivityView.swift in Sources */ = {isa = PBXBuildFile; fileRef = 078D9C222A9120C100E59706 /* ActivityView.swift */; };
		078D9C272A9120DC00E59706 /* ProfileView.swift in Sources */ = {isa = PBXBuildFile; fileRef = 078D9C262A9120DC00E59706 /* ProfileView.swift */; };
		078D9C292A91231000E59706 /* ThreadCell.swift in Sources */ = {isa = PBXBuildFile; fileRef = 078D9C282A91231000E59706 /* ThreadCell.swift */; };
		078D9C2C2A938AF200E59706 /* CircularProfileImageView.swift in Sources */ = {isa = PBXBuildFile; fileRef = 078D9C2B2A938AF200E59706 /* CircularProfileImageView.swift */; };
		078D9C2E2A938B7C00E59706 /* UserCell.swift in Sources */ = {isa = PBXBuildFile; fileRef = 078D9C2D2A938B7C00E59706 /* UserCell.swift */; };
		078D9C312A93915500E59706 /* ProfileThreadFilter.swift in Sources */ = {isa = PBXBuildFile; fileRef = 078D9C302A93915500E59706 /* ProfileThreadFilter.swift */; };
		078D9C352A93B94B00E59706 /* EditProfileView.swift in Sources */ = {isa = PBXBuildFile; fileRef = 078D9C342A93B94B00E59706 /* EditProfileView.swift */; };
		078D9C372A94A9D100E59706 /* GoogleService-Info.plist in Resources */ = {isa = PBXBuildFile; fileRef = 078D9C362A94A9D100E59706 /* GoogleService-Info.plist */; };
		078D9C3A2A94AACB00E59706 /* FirebaseAuth in Frameworks */ = {isa = PBXBuildFile; productRef = 078D9C392A94AACB00E59706 /* FirebaseAuth */; };
		078D9C3C2A94AACB00E59706 /* FirebaseFirestore in Frameworks */ = {isa = PBXBuildFile; productRef = 078D9C3B2A94AACB00E59706 /* FirebaseFirestore */; };
		078D9C3E2A94AACB00E59706 /* FirebaseFirestoreSwift in Frameworks */ = {isa = PBXBuildFile; productRef = 078D9C3D2A94AACB00E59706 /* FirebaseFirestoreSwift */; };
		078D9C402A94AACB00E59706 /* FirebaseStorage in Frameworks */ = {isa = PBXBuildFile; productRef = 078D9C3F2A94AACB00E59706 /* FirebaseStorage */; };
		078D9C442A94ACB200E59706 /* RegistrationViewModel.swift in Sources */ = {isa = PBXBuildFile; fileRef = 078D9C432A94ACB200E59706 /* RegistrationViewModel.swift */; };
		078D9C462A94ADD400E59706 /* AuthService.swift in Sources */ = {isa = PBXBuildFile; fileRef = 078D9C452A94ADD400E59706 /* AuthService.swift */; };
/* End PBXBuildFile section */

/* Begin PBXFileReference section */
		078D9BED2A90EE0F00E59706 /* ThreadsTutorial.app */ = {isa = PBXFileReference; explicitFileType = wrapper.application; includeInIndex = 0; path = ThreadsTutorial.app; sourceTree = BUILT_PRODUCTS_DIR; };
		078D9BF02A90EE0F00E59706 /* ThreadsTutorialApp.swift */ = {isa = PBXFileReference; lastKnownFileType = sourcecode.swift; path = ThreadsTutorialApp.swift; sourceTree = "<group>"; };
		078D9BF22A90EE0F00E59706 /* ContentView.swift */ = {isa = PBXFileReference; lastKnownFileType = sourcecode.swift; path = ContentView.swift; sourceTree = "<group>"; };
		078D9BF42A90EE1000E59706 /* Assets.xcassets */ = {isa = PBXFileReference; lastKnownFileType = folder.assetcatalog; path = Assets.xcassets; sourceTree = "<group>"; };
		078D9BF72A90EE1000E59706 /* Preview Assets.xcassets */ = {isa = PBXFileReference; lastKnownFileType = folder.assetcatalog; path = "Preview Assets.xcassets"; sourceTree = "<group>"; };
		078D9C072A90EE9700E59706 /* LoginView.swift */ = {isa = PBXFileReference; lastKnownFileType = sourcecode.swift; path = LoginView.swift; sourceTree = "<group>"; };
		078D9C092A910CD500E59706 /* RegistrationView.swift */ = {isa = PBXFileReference; lastKnownFileType = sourcecode.swift; path = RegistrationView.swift; sourceTree = "<group>"; };
		078D9C0C2A910FC800E59706 /* ThreadsTextFieldModifier.swift */ = {isa = PBXFileReference; lastKnownFileType = sourcecode.swift; path = ThreadsTextFieldModifier.swift; sourceTree = "<group>"; };
		078D9C0E2A91102900E59706 /* ThreadsButtonModifier.swift */ = {isa = PBXFileReference; lastKnownFileType = sourcecode.swift; path = ThreadsButtonModifier.swift; sourceTree = "<group>"; };
		078D9C112A91129E00E59706 /* ThreadsTabView.swift */ = {isa = PBXFileReference; lastKnownFileType = sourcecode.swift; path = ThreadsTabView.swift; sourceTree = "<group>"; };
		078D9C162A911FE300E59706 /* FeedView.swift */ = {isa = PBXFileReference; lastKnownFileType = sourcecode.swift; path = FeedView.swift; sourceTree = "<group>"; };
		078D9C1A2A91203C00E59706 /* ExploreView.swift */ = {isa = PBXFileReference; lastKnownFileType = sourcecode.swift; path = ExploreView.swift; sourceTree = "<group>"; };
		078D9C1E2A91208700E59706 /* CreateThreadView.swift */ = {isa = PBXFileReference; lastKnownFileType = sourcecode.swift; path = CreateThreadView.swift; sourceTree = "<group>"; };
		078D9C222A9120C100E59706 /* ActivityView.swift */ = {isa = PBXFileReference; lastKnownFileType = sourcecode.swift; path = ActivityView.swift; sourceTree = "<group>"; };
		078D9C262A9120DC00E59706 /* ProfileView.swift */ = {isa = PBXFileReference; lastKnownFileType = sourcecode.swift; path = ProfileView.swift; sourceTree = "<group>"; };
		078D9C282A91231000E59706 /* ThreadCell.swift */ = {isa = PBXFileReference; lastKnownFileType = sourcecode.swift; path = ThreadCell.swift; sourceTree = "<group>"; };
		078D9C2B2A938AF200E59706 /* CircularProfileImageView.swift */ = {isa = PBXFileReference; lastKnownFileType = sourcecode.swift; path = CircularProfileImageView.swift; sourceTree = "<group>"; };
		078D9C2D2A938B7C00E59706 /* UserCell.swift */ = {isa = PBXFileReference; lastKnownFileType = sourcecode.swift; path = UserCell.swift; sourceTree = "<group>"; };
		078D9C302A93915500E59706 /* ProfileThreadFilter.swift */ = {isa = PBXFileReference; lastKnownFileType = sourcecode.swift; path = ProfileThreadFilter.swift; sourceTree = "<group>"; };
		078D9C342A93B94B00E59706 /* EditProfileView.swift */ = {isa = PBXFileReference; lastKnownFileType = sourcecode.swift; path = EditProfileView.swift; sourceTree = "<group>"; };
		078D9C362A94A9D100E59706 /* GoogleService-Info.plist */ = {isa = PBXFileReference; fileEncoding = 4; lastKnownFileType = text.plist.xml; path = "GoogleService-Info.plist"; sourceTree = "<group>"; };
		078D9C432A94ACB200E59706 /* RegistrationViewModel.swift */ = {isa = PBXFileReference; lastKnownFileType = sourcecode.swift; path = RegistrationViewModel.swift; sourceTree = "<group>"; };
		078D9C452A94ADD400E59706 /* AuthService.swift */ = {isa = PBXFileReference; lastKnownFileType = sourcecode.swift; path = AuthService.swift; sourceTree = "<group>"; };
/* End PBXFileReference section */

/* Begin PBXFrameworksBuildPhase section */
		078D9BEA2A90EE0F00E59706 /* Frameworks */ = {
			isa = PBXFrameworksBuildPhase;
			buildActionMask = 2147483647;
			files = (
				078D9C3A2A94AACB00E59706 /* FirebaseAuth in Frameworks */,
				078D9C402A94AACB00E59706 /* FirebaseStorage in Frameworks */,
				078D9C3C2A94AACB00E59706 /* FirebaseFirestore in Frameworks */,
				078D9C3E2A94AACB00E59706 /* FirebaseFirestoreSwift in Frameworks */,
			);
			runOnlyForDeploymentPostprocessing = 0;
		};
/* End PBXFrameworksBuildPhase section */

/* Begin PBXGroup section */
		078D9BE42A90EE0F00E59706 = {
			isa = PBXGroup;
			children = (
				078D9BEF2A90EE0F00E59706 /* ThreadsTutorial */,
				078D9BEE2A90EE0F00E59706 /* Products */,
			);
			sourceTree = "<group>";
		};
		078D9BEE2A90EE0F00E59706 /* Products */ = {
			isa = PBXGroup;
			children = (
				078D9BED2A90EE0F00E59706 /* ThreadsTutorial.app */,
			);
			name = Products;
			sourceTree = "<group>";
		};
		078D9BEF2A90EE0F00E59706 /* ThreadsTutorial */ = {
			isa = PBXGroup;
			children = (
				078D9C032A90EE3F00E59706 /* App */,
				078D9C022A90EE3D00E59706 /* Core */,
				078D9C1C2A91206F00E59706 /* ThreadCreation */,
				078D9C012A90EE3B00E59706 /* Extensions */,
				078D9C002A90EE3800E59706 /* Model */,
				078D9BFF2A90EE3600E59706 /* Services */,
				078D9BFE2A90EE2200E59706 /* Utils */,
				078D9C362A94A9D100E59706 /* GoogleService-Info.plist */,
				078D9BF42A90EE1000E59706 /* Assets.xcassets */,
				078D9BF62A90EE1000E59706 /* Preview Content */,
			);
			path = ThreadsTutorial;
			sourceTree = "<group>";
		};
		078D9BF62A90EE1000E59706 /* Preview Content */ = {
			isa = PBXGroup;
			children = (
				078D9BF72A90EE1000E59706 /* Preview Assets.xcassets */,
			);
			path = "Preview Content";
			sourceTree = "<group>";
		};
		078D9BFE2A90EE2200E59706 /* Utils */ = {
			isa = PBXGroup;
			children = (
				078D9C0B2A910FBA00E59706 /* ViewModifiers */,
			);
			path = Utils;
			sourceTree = "<group>";
		};
		078D9BFF2A90EE3600E59706 /* Services */ = {
			isa = PBXGroup;
			children = (
			);
			path = Services;
			sourceTree = "<group>";
		};
		078D9C002A90EE3800E59706 /* Model */ = {
			isa = PBXGroup;
			children = (
			);
			path = Model;
			sourceTree = "<group>";
		};
		078D9C012A90EE3B00E59706 /* Extensions */ = {
			isa = PBXGroup;
			children = (
			);
			path = Extensions;
			sourceTree = "<group>";
		};
		078D9C022A90EE3D00E59706 /* Core */ = {
			isa = PBXGroup;
			children = (
				078D9C202A9120B500E59706 /* Activity */,
				078D9C052A90EE6C00E59706 /* Authentication */,
				078D9C2A2A938AE000E59706 /* Components */,
				078D9C182A91203000E59706 /* Explore */,
				078D9C132A911FC600E59706 /* Feed */,
				078D9C242A9120D200E59706 /* Profile */,
				078D9C042A90EE6A00E59706 /* Root */,
				078D9C102A91128900E59706 /* TabBar */,
			);
			path = Core;
			sourceTree = "<group>";
		};
		078D9C032A90EE3F00E59706 /* App */ = {
			isa = PBXGroup;
			children = (
				078D9BF02A90EE0F00E59706 /* ThreadsTutorialApp.swift */,
			);
			path = App;
			sourceTree = "<group>";
		};
		078D9C042A90EE6A00E59706 /* Root */ = {
			isa = PBXGroup;
			children = (
				078D9BF22A90EE0F00E59706 /* ContentView.swift */,
			);
			path = Root;
			sourceTree = "<group>";
		};
		078D9C052A90EE6C00E59706 /* Authentication */ = {
			isa = PBXGroup;
			children = (
				078D9C422A94AC9C00E59706 /* Service */,
				078D9C412A94AC9200E59706 /* ViewModel */,
				078D9C062A90EE8B00E59706 /* Views */,
			);
			path = Authentication;
			sourceTree = "<group>";
		};
		078D9C062A90EE8B00E59706 /* Views */ = {
			isa = PBXGroup;
			children = (
				078D9C072A90EE9700E59706 /* LoginView.swift */,
				078D9C092A910CD500E59706 /* RegistrationView.swift */,
			);
			path = Views;
			sourceTree = "<group>";
		};
		078D9C0B2A910FBA00E59706 /* ViewModifiers */ = {
			isa = PBXGroup;
			children = (
				078D9C0C2A910FC800E59706 /* ThreadsTextFieldModifier.swift */,
				078D9C0E2A91102900E59706 /* ThreadsButtonModifier.swift */,
			);
			path = ViewModifiers;
			sourceTree = "<group>";
		};
		078D9C102A91128900E59706 /* TabBar */ = {
			isa = PBXGroup;
			children = (
				078D9C112A91129E00E59706 /* ThreadsTabView.swift */,
			);
			path = TabBar;
			sourceTree = "<group>";
		};
		078D9C132A911FC600E59706 /* Feed */ = {
			isa = PBXGroup;
			children = (
				078D9C152A911FCF00E59706 /* Views */,
			);
			path = Feed;
			sourceTree = "<group>";
		};
		078D9C152A911FCF00E59706 /* Views */ = {
			isa = PBXGroup;
			children = (
				078D9C162A911FE300E59706 /* FeedView.swift */,
				078D9C282A91231000E59706 /* ThreadCell.swift */,
			);
			path = Views;
			sourceTree = "<group>";
		};
		078D9C182A91203000E59706 /* Explore */ = {
			isa = PBXGroup;
			children = (
				078D9C192A91203500E59706 /* Views */,
			);
			path = Explore;
			sourceTree = "<group>";
		};
		078D9C192A91203500E59706 /* Views */ = {
			isa = PBXGroup;
			children = (
				078D9C1A2A91203C00E59706 /* ExploreView.swift */,
			);
			path = Views;
			sourceTree = "<group>";
		};
		078D9C1C2A91206F00E59706 /* ThreadCreation */ = {
			isa = PBXGroup;
			children = (
				078D9C1D2A91207A00E59706 /* Views */,
			);
			path = ThreadCreation;
			sourceTree = "<group>";
		};
		078D9C1D2A91207A00E59706 /* Views */ = {
			isa = PBXGroup;
			children = (
				078D9C1E2A91208700E59706 /* CreateThreadView.swift */,
			);
			path = Views;
			sourceTree = "<group>";
		};
		078D9C202A9120B500E59706 /* Activity */ = {
			isa = PBXGroup;
			children = (
				078D9C212A9120BA00E59706 /* Views */,
			);
			path = Activity;
			sourceTree = "<group>";
		};
		078D9C212A9120BA00E59706 /* Views */ = {
			isa = PBXGroup;
			children = (
				078D9C222A9120C100E59706 /* ActivityView.swift */,
			);
			path = Views;
			sourceTree = "<group>";
		};
		078D9C242A9120D200E59706 /* Profile */ = {
			isa = PBXGroup;
			children = (
				078D9C322A93B93500E59706 /* EditProfile */,
				078D9C2F2A93914C00E59706 /* Model */,
				078D9C252A9120D600E59706 /* Views */,
			);
			path = Profile;
			sourceTree = "<group>";
		};
		078D9C252A9120D600E59706 /* Views */ = {
			isa = PBXGroup;
			children = (
				078D9C262A9120DC00E59706 /* ProfileView.swift */,
			);
			path = Views;
			sourceTree = "<group>";
		};
		078D9C2A2A938AE000E59706 /* Components */ = {
			isa = PBXGroup;
			children = (
				078D9C2B2A938AF200E59706 /* CircularProfileImageView.swift */,
				078D9C2D2A938B7C00E59706 /* UserCell.swift */,
			);
			path = Components;
			sourceTree = "<group>";
		};
		078D9C2F2A93914C00E59706 /* Model */ = {
			isa = PBXGroup;
			children = (
				078D9C302A93915500E59706 /* ProfileThreadFilter.swift */,
			);
			path = Model;
			sourceTree = "<group>";
		};
		078D9C322A93B93500E59706 /* EditProfile */ = {
			isa = PBXGroup;
			children = (
				078D9C332A93B94000E59706 /* Views */,
			);
			path = EditProfile;
			sourceTree = "<group>";
		};
		078D9C332A93B94000E59706 /* Views */ = {
			isa = PBXGroup;
			children = (
				078D9C342A93B94B00E59706 /* EditProfileView.swift */,
			);
			path = Views;
			sourceTree = "<group>";
		};
		078D9C412A94AC9200E59706 /* ViewModel */ = {
			isa = PBXGroup;
			children = (
				078D9C432A94ACB200E59706 /* RegistrationViewModel.swift */,
			);
			path = ViewModel;
			sourceTree = "<group>";
		};
		078D9C422A94AC9C00E59706 /* Service */ = {
			isa = PBXGroup;
			children = (
				078D9C452A94ADD400E59706 /* AuthService.swift */,
			);
			path = Service;
			sourceTree = "<group>";
		};
/* End PBXGroup section */

/* Begin PBXNativeTarget section */
		078D9BEC2A90EE0F00E59706 /* ThreadsTutorial */ = {
			isa = PBXNativeTarget;
			buildConfigurationList = 078D9BFB2A90EE1000E59706 /* Build configuration list for PBXNativeTarget "ThreadsTutorial" */;
			buildPhases = (
				078D9BE92A90EE0F00E59706 /* Sources */,
				078D9BEA2A90EE0F00E59706 /* Frameworks */,
				078D9BEB2A90EE0F00E59706 /* Resources */,
			);
			buildRules = (
			);
			dependencies = (
			);
			name = ThreadsTutorial;
			packageProductDependencies = (
				078D9C392A94AACB00E59706 /* FirebaseAuth */,
				078D9C3B2A94AACB00E59706 /* FirebaseFirestore */,
				078D9C3D2A94AACB00E59706 /* FirebaseFirestoreSwift */,
				078D9C3F2A94AACB00E59706 /* FirebaseStorage */,
			);
			productName = ThreadsTutorial;
			productReference = 078D9BED2A90EE0F00E59706 /* ThreadsTutorial.app */;
			productType = "com.apple.product-type.application";
		};
/* End PBXNativeTarget section */

/* Begin PBXProject section */
		078D9BE52A90EE0F00E59706 /* Project object */ = {
			isa = PBXProject;
			attributes = {
				BuildIndependentTargetsInParallel = 1;
				LastSwiftUpdateCheck = 1430;
				LastUpgradeCheck = 1430;
				TargetAttributes = {
					078D9BEC2A90EE0F00E59706 = {
						CreatedOnToolsVersion = 14.3;
					};
				};
			};
			buildConfigurationList = 078D9BE82A90EE0F00E59706 /* Build configuration list for PBXProject "ThreadsTutorial" */;
			compatibilityVersion = "Xcode 14.0";
			developmentRegion = en;
			hasScannedForEncodings = 0;
			knownRegions = (
				en,
				Base,
			);
			mainGroup = 078D9BE42A90EE0F00E59706;
			packageReferences = (
				078D9C382A94AACB00E59706 /* XCRemoteSwiftPackageReference "firebase-ios-sdk" */,
			);
			productRefGroup = 078D9BEE2A90EE0F00E59706 /* Products */;
			projectDirPath = "";
			projectRoot = "";
			targets = (
				078D9BEC2A90EE0F00E59706 /* ThreadsTutorial */,
			);
		};
/* End PBXProject section */

/* Begin PBXResourcesBuildPhase section */
		078D9BEB2A90EE0F00E59706 /* Resources */ = {
			isa = PBXResourcesBuildPhase;
			buildActionMask = 2147483647;
			files = (
				078D9BF82A90EE1000E59706 /* Preview Assets.xcassets in Resources */,
				078D9C372A94A9D100E59706 /* GoogleService-Info.plist in Resources */,
				078D9BF52A90EE1000E59706 /* Assets.xcassets in Resources */,
			);
			runOnlyForDeploymentPostprocessing = 0;
		};
/* End PBXResourcesBuildPhase section */

/* Begin PBXSourcesBuildPhase section */
		078D9BE92A90EE0F00E59706 /* Sources */ = {
			isa = PBXSourcesBuildPhase;
			buildActionMask = 2147483647;
			files = (
				078D9C2E2A938B7C00E59706 /* UserCell.swift in Sources */,
				078D9C442A94ACB200E59706 /* RegistrationViewModel.swift in Sources */,
				078D9C352A93B94B00E59706 /* EditProfileView.swift in Sources */,
				078D9C232A9120C100E59706 /* ActivityView.swift in Sources */,
				078D9C1F2A91208700E59706 /* CreateThreadView.swift in Sources */,
				078D9C312A93915500E59706 /* ProfileThreadFilter.swift in Sources */,
				078D9C462A94ADD400E59706 /* AuthService.swift in Sources */,
				078D9C172A911FE300E59706 /* FeedView.swift in Sources */,
				078D9C1B2A91203C00E59706 /* ExploreView.swift in Sources */,
				078D9C272A9120DC00E59706 /* ProfileView.swift in Sources */,
				078D9C0F2A91102900E59706 /* ThreadsButtonModifier.swift in Sources */,
				078D9C122A91129E00E59706 /* ThreadsTabView.swift in Sources */,
				078D9C2C2A938AF200E59706 /* CircularProfileImageView.swift in Sources */,
				078D9C082A90EE9700E59706 /* LoginView.swift in Sources */,
				078D9C292A91231000E59706 /* ThreadCell.swift in Sources */,
				078D9BF32A90EE0F00E59706 /* ContentView.swift in Sources */,
				078D9C0D2A910FC800E59706 /* ThreadsTextFieldModifier.swift in Sources */,
				078D9BF12A90EE0F00E59706 /* ThreadsTutorialApp.swift in Sources */,
				078D9C0A2A910CD500E59706 /* RegistrationView.swift in Sources */,
			);
			runOnlyForDeploymentPostprocessing = 0;
		};
/* End PBXSourcesBuildPhase section */

/* Begin XCBuildConfiguration section */
		078D9BF92A90EE1000E59706 /* Debug */ = {
			isa = XCBuildConfiguration;
			buildSettings = {
				ALWAYS_SEARCH_USER_PATHS = NO;
				CLANG_ANALYZER_NONNULL = YES;
				CLANG_ANALYZER_NUMBER_OBJECT_CONVERSION = YES_AGGRESSIVE;
				CLANG_CXX_LANGUAGE_STANDARD = "gnu++20";
				CLANG_ENABLE_MODULES = YES;
				CLANG_ENABLE_OBJC_ARC = YES;
				CLANG_ENABLE_OBJC_WEAK = YES;
				CLANG_WARN_BLOCK_CAPTURE_AUTORELEASING = YES;
				CLANG_WARN_BOOL_CONVERSION = YES;
				CLANG_WARN_COMMA = YES;
				CLANG_WARN_CONSTANT_CONVERSION = YES;
				CLANG_WARN_DEPRECATED_OBJC_IMPLEMENTATIONS = YES;
				CLANG_WARN_DIRECT_OBJC_ISA_USAGE = YES_ERROR;
				CLANG_WARN_DOCUMENTATION_COMMENTS = YES;
				CLANG_WARN_EMPTY_BODY = YES;
				CLANG_WARN_ENUM_CONVERSION = YES;
				CLANG_WARN_INFINITE_RECURSION = YES;
				CLANG_WARN_INT_CONVERSION = YES;
				CLANG_WARN_NON_LITERAL_NULL_CONVERSION = YES;
				CLANG_WARN_OBJC_IMPLICIT_RETAIN_SELF = YES;
				CLANG_WARN_OBJC_LITERAL_CONVERSION = YES;
				CLANG_WARN_OBJC_ROOT_CLASS = YES_ERROR;
				CLANG_WARN_QUOTED_INCLUDE_IN_FRAMEWORK_HEADER = YES;
				CLANG_WARN_RANGE_LOOP_ANALYSIS = YES;
				CLANG_WARN_STRICT_PROTOTYPES = YES;
				CLANG_WARN_SUSPICIOUS_MOVE = YES;
				CLANG_WARN_UNGUARDED_AVAILABILITY = YES_AGGRESSIVE;
				CLANG_WARN_UNREACHABLE_CODE = YES;
				CLANG_WARN__DUPLICATE_METHOD_MATCH = YES;
				COPY_PHASE_STRIP = NO;
				DEBUG_INFORMATION_FORMAT = dwarf;
				ENABLE_STRICT_OBJC_MSGSEND = YES;
				ENABLE_TESTABILITY = YES;
				GCC_C_LANGUAGE_STANDARD = gnu11;
				GCC_DYNAMIC_NO_PIC = NO;
				GCC_NO_COMMON_BLOCKS = YES;
				GCC_OPTIMIZATION_LEVEL = 0;
				GCC_PREPROCESSOR_DEFINITIONS = (
					"DEBUG=1",
					"$(inherited)",
				);
				GCC_WARN_64_TO_32_BIT_CONVERSION = YES;
				GCC_WARN_ABOUT_RETURN_TYPE = YES_ERROR;
				GCC_WARN_UNDECLARED_SELECTOR = YES;
				GCC_WARN_UNINITIALIZED_AUTOS = YES_AGGRESSIVE;
				GCC_WARN_UNUSED_FUNCTION = YES;
				GCC_WARN_UNUSED_VARIABLE = YES;
				IPHONEOS_DEPLOYMENT_TARGET = 16.4;
				MTL_ENABLE_DEBUG_INFO = INCLUDE_SOURCE;
				MTL_FAST_MATH = YES;
				ONLY_ACTIVE_ARCH = YES;
				SDKROOT = iphoneos;
				SWIFT_ACTIVE_COMPILATION_CONDITIONS = DEBUG;
				SWIFT_OPTIMIZATION_LEVEL = "-Onone";
			};
			name = Debug;
		};
		078D9BFA2A90EE1000E59706 /* Release */ = {
			isa = XCBuildConfiguration;
			buildSettings = {
				ALWAYS_SEARCH_USER_PATHS = NO;
				CLANG_ANALYZER_NONNULL = YES;
				CLANG_ANALYZER_NUMBER_OBJECT_CONVERSION = YES_AGGRESSIVE;
				CLANG_CXX_LANGUAGE_STANDARD = "gnu++20";
				CLANG_ENABLE_MODULES = YES;
				CLANG_ENABLE_OBJC_ARC = YES;
				CLANG_ENABLE_OBJC_WEAK = YES;
				CLANG_WARN_BLOCK_CAPTURE_AUTORELEASING = YES;
				CLANG_WARN_BOOL_CONVERSION = YES;
				CLANG_WARN_COMMA = YES;
				CLANG_WARN_CONSTANT_CONVERSION = YES;
				CLANG_WARN_DEPRECATED_OBJC_IMPLEMENTATIONS = YES;
				CLANG_WARN_DIRECT_OBJC_ISA_USAGE = YES_ERROR;
				CLANG_WARN_DOCUMENTATION_COMMENTS = YES;
				CLANG_WARN_EMPTY_BODY = YES;
				CLANG_WARN_ENUM_CONVERSION = YES;
				CLANG_WARN_INFINITE_RECURSION = YES;
				CLANG_WARN_INT_CONVERSION = YES;
				CLANG_WARN_NON_LITERAL_NULL_CONVERSION = YES;
				CLANG_WARN_OBJC_IMPLICIT_RETAIN_SELF = YES;
				CLANG_WARN_OBJC_LITERAL_CONVERSION = YES;
				CLANG_WARN_OBJC_ROOT_CLASS = YES_ERROR;
				CLANG_WARN_QUOTED_INCLUDE_IN_FRAMEWORK_HEADER = YES;
				CLANG_WARN_RANGE_LOOP_ANALYSIS = YES;
				CLANG_WARN_STRICT_PROTOTYPES = YES;
				CLANG_WARN_SUSPICIOUS_MOVE = YES;
				CLANG_WARN_UNGUARDED_AVAILABILITY = YES_AGGRESSIVE;
				CLANG_WARN_UNREACHABLE_CODE = YES;
				CLANG_WARN__DUPLICATE_METHOD_MATCH = YES;
				COPY_PHASE_STRIP = NO;
				DEBUG_INFORMATION_FORMAT = "dwarf-with-dsym";
				ENABLE_NS_ASSERTIONS = NO;
				ENABLE_STRICT_OBJC_MSGSEND = YES;
				GCC_C_LANGUAGE_STANDARD = gnu11;
				GCC_NO_COMMON_BLOCKS = YES;
				GCC_WARN_64_TO_32_BIT_CONVERSION = YES;
				GCC_WARN_ABOUT_RETURN_TYPE = YES_ERROR;
				GCC_WARN_UNDECLARED_SELECTOR = YES;
				GCC_WARN_UNINITIALIZED_AUTOS = YES_AGGRESSIVE;
				GCC_WARN_UNUSED_FUNCTION = YES;
				GCC_WARN_UNUSED_VARIABLE = YES;
				IPHONEOS_DEPLOYMENT_TARGET = 16.4;
				MTL_ENABLE_DEBUG_INFO = NO;
				MTL_FAST_MATH = YES;
				SDKROOT = iphoneos;
				SWIFT_COMPILATION_MODE = wholemodule;
				SWIFT_OPTIMIZATION_LEVEL = "-O";
				VALIDATE_PRODUCT = YES;
			};
			name = Release;
		};
		078D9BFC2A90EE1000E59706 /* Debug */ = {
			isa = XCBuildConfiguration;
			buildSettings = {
				ASSETCATALOG_COMPILER_APPICON_NAME = AppIcon;
				ASSETCATALOG_COMPILER_GLOBAL_ACCENT_COLOR_NAME = AccentColor;
				CODE_SIGN_STYLE = Automatic;
				CURRENT_PROJECT_VERSION = 1;
				DEVELOPMENT_ASSET_PATHS = "\"ThreadsTutorial/Preview Content\"";
				DEVELOPMENT_TEAM = 9V2Q5VWT8B;
				ENABLE_PREVIEWS = YES;
				GENERATE_INFOPLIST_FILE = YES;
				INFOPLIST_KEY_UIApplicationSceneManifest_Generation = YES;
				INFOPLIST_KEY_UIApplicationSupportsIndirectInputEvents = YES;
				INFOPLIST_KEY_UILaunchScreen_Generation = YES;
				INFOPLIST_KEY_UISupportedInterfaceOrientations_iPad = "UIInterfaceOrientationPortrait UIInterfaceOrientationPortraitUpsideDown UIInterfaceOrientationLandscapeLeft UIInterfaceOrientationLandscapeRight";
				INFOPLIST_KEY_UISupportedInterfaceOrientations_iPhone = "UIInterfaceOrientationPortrait UIInterfaceOrientationLandscapeLeft UIInterfaceOrientationLandscapeRight";
				LD_RUNPATH_SEARCH_PATHS = (
					"$(inherited)",
					"@executable_path/Frameworks",
				);
				MARKETING_VERSION = 1.0;
				PRODUCT_BUNDLE_IDENTIFIER = com.milossavkovic.ThreadsTutorial;
				PRODUCT_NAME = "$(TARGET_NAME)";
				SWIFT_EMIT_LOC_STRINGS = YES;
				SWIFT_VERSION = 5.0;
				TARGETED_DEVICE_FAMILY = "1,2";
			};
			name = Debug;
		};
		078D9BFD2A90EE1000E59706 /* Release */ = {
			isa = XCBuildConfiguration;
			buildSettings = {
				ASSETCATALOG_COMPILER_APPICON_NAME = AppIcon;
				ASSETCATALOG_COMPILER_GLOBAL_ACCENT_COLOR_NAME = AccentColor;
				CODE_SIGN_STYLE = Automatic;
				CURRENT_PROJECT_VERSION = 1;
				DEVELOPMENT_ASSET_PATHS = "\"ThreadsTutorial/Preview Content\"";
				DEVELOPMENT_TEAM = 9V2Q5VWT8B;
				ENABLE_PREVIEWS = YES;
				GENERATE_INFOPLIST_FILE = YES;
				INFOPLIST_KEY_UIApplicationSceneManifest_Generation = YES;
				INFOPLIST_KEY_UIApplicationSupportsIndirectInputEvents = YES;
				INFOPLIST_KEY_UILaunchScreen_Generation = YES;
				INFOPLIST_KEY_UISupportedInterfaceOrientations_iPad = "UIInterfaceOrientationPortrait UIInterfaceOrientationPortraitUpsideDown UIInterfaceOrientationLandscapeLeft UIInterfaceOrientationLandscapeRight";
				INFOPLIST_KEY_UISupportedInterfaceOrientations_iPhone = "UIInterfaceOrientationPortrait UIInterfaceOrientationLandscapeLeft UIInterfaceOrientationLandscapeRight";
				LD_RUNPATH_SEARCH_PATHS = (
					"$(inherited)",
					"@executable_path/Frameworks",
				);
				MARKETING_VERSION = 1.0;
				PRODUCT_BUNDLE_IDENTIFIER = com.milossavkovic.ThreadsTutorial;
				PRODUCT_NAME = "$(TARGET_NAME)";
				SWIFT_EMIT_LOC_STRINGS = YES;
				SWIFT_VERSION = 5.0;
				TARGETED_DEVICE_FAMILY = "1,2";
			};
			name = Release;
		};
/* End XCBuildConfiguration section */

/* Begin XCConfigurationList section */
		078D9BE82A90EE0F00E59706 /* Build configuration list for PBXProject "ThreadsTutorial" */ = {
			isa = XCConfigurationList;
			buildConfigurations = (
				078D9BF92A90EE1000E59706 /* Debug */,
				078D9BFA2A90EE1000E59706 /* Release */,
			);
			defaultConfigurationIsVisible = 0;
			defaultConfigurationName = Release;
		};
		078D9BFB2A90EE1000E59706 /* Build configuration list for PBXNativeTarget "ThreadsTutorial" */ = {
			isa = XCConfigurationList;
			buildConfigurations = (
				078D9BFC2A90EE1000E59706 /* Debug */,
				078D9BFD2A90EE1000E59706 /* Release */,
			);
			defaultConfigurationIsVisible = 0;
			defaultConfigurationName = Release;
		};
/* End XCConfigurationList section */

/* Begin XCRemoteSwiftPackageReference section */
		078D9C382A94AACB00E59706 /* XCRemoteSwiftPackageReference "firebase-ios-sdk" */ = {
			isa = XCRemoteSwiftPackageReference;
			repositoryURL = "https://github.com/firebase/firebase-ios-sdk";
			requirement = {
				kind = upToNextMajorVersion;
				minimumVersion = 10.0.0;
			};
		};
/* End XCRemoteSwiftPackageReference section */

/* Begin XCSwiftPackageProductDependency section */
		078D9C392A94AACB00E59706 /* FirebaseAuth */ = {
			isa = XCSwiftPackageProductDependency;
			package = 078D9C382A94AACB00E59706 /* XCRemoteSwiftPackageReference "firebase-ios-sdk" */;
			productName = FirebaseAuth;
		};
		078D9C3B2A94AACB00E59706 /* FirebaseFirestore */ = {
			isa = XCSwiftPackageProductDependency;
			package = 078D9C382A94AACB00E59706 /* XCRemoteSwiftPackageReference "firebase-ios-sdk" */;
			productName = FirebaseFirestore;
		};
		078D9C3D2A94AACB00E59706 /* FirebaseFirestoreSwift */ = {
			isa = XCSwiftPackageProductDependency;
			package = 078D9C382A94AACB00E59706 /* XCRemoteSwiftPackageReference "firebase-ios-sdk" */;
			productName = FirebaseFirestoreSwift;
		};
		078D9C3F2A94AACB00E59706 /* FirebaseStorage */ = {
			isa = XCSwiftPackageProductDependency;
			package = 078D9C382A94AACB00E59706 /* XCRemoteSwiftPackageReference "firebase-ios-sdk" */;
			productName = FirebaseStorage;
		};
/* End XCSwiftPackageProductDependency section */
	};
	rootObject = 078D9BE52A90EE0F00E59706 /* Project object */;
}
